
Microsoft Visual Studio Solution File, Format Version 12.00
# Visual Studio Version 16
VisualStudioVersion = 16.0.29503.13
MinimumVisualStudioVersion = 10.0.40219.1
Project("{FAE04EC0-301F-11D3-BF4B-00C04F79EFBC}") = "AppDivisas.UWP", "AppDivisas\AppDivisas.UWP\AppDivisas.UWP.csproj", "{3970F831-DD03-4A08-86F7-13F451493EC7}"
EndProject
Project("{FAE04EC0-301F-11D3-BF4B-00C04F79EFBC}") = "AppDivisas.Android", "AppDivisas\AppDivisas.Android\AppDivisas.Android.csproj", "{08975078-85B7-454B-9D8E-AEE49659A698}"
EndProject
Project("{FAE04EC0-301F-11D3-BF4B-00C04F79EFBC}") = "AppDivisas.iOS", "AppDivisas\AppDivisas.iOS\AppDivisas.iOS.csproj", "{701023C3-36D1-42E0-81C5-D33B305EC6B0}"
EndProject
Project("{FAE04EC0-301F-11D3-BF4B-00C04F79EFBC}") = "AppDivisas", "AppDivisas\AppDivisas\AppDivisas.csproj", "{B86B6B6C-B448-40BA-8213-CD0B3BA067A1}"
EndProject
Global
	GlobalSection(SolutionConfigurationPlatforms) = preSolution
		Debug|Any CPU = Debug|Any CPU
		Debug|ARM = Debug|ARM
		Debug|iPhone = Debug|iPhone
		Debug|iPhoneSimulator = Debug|iPhoneSimulator
		Debug|x64 = Debug|x64
		Debug|x86 = Debug|x86
		Release|Any CPU = Release|Any CPU
		Release|ARM = Release|ARM
		Release|iPhone = Release|iPhone
		Release|iPhoneSimulator = Release|iPhoneSimulator
		Release|x64 = Release|x64
		Release|x86 = Release|x86
	EndGlobalSection
	GlobalSection(ProjectConfigurationPlatforms) = postSolution
		{3970F831-DD03-4A08-86F7-13F451493EC7}.Debug|Any CPU.ActiveCfg = Debug|x86
		{3970F831-DD03-4A08-86F7-13F451493EC7}.Debug|Any CPU.Build.0 = Debug|x86
		{3970F831-DD03-4A08-86F7-13F451493EC7}.Debug|Any CPU.Deploy.0 = Debug|x86
		{3970F831-DD03-4A08-86F7-13F451493EC7}.Debug|ARM.ActiveCfg = Debug|ARM
		{3970F831-DD03-4A08-86F7-13F451493EC7}.Debug|ARM.Build.0 = Debug|ARM
		{3970F831-DD03-4A08-86F7-13F451493EC7}.Debug|ARM.Deploy.0 = Debug|ARM
		{3970F831-DD03-4A08-86F7-13F451493EC7}.Debug|iPhone.ActiveCfg = Debug|x86
		{3970F831-DD03-4A08-86F7-13F451493EC7}.Debug|iPhone.Build.0 = Debug|x86
		{3970F831-DD03-4A08-86F7-13F451493EC7}.Debug|iPhone.Deploy.0 = Debug|x86
		{3970F831-DD03-4A08-86F7-13F451493EC7}.Debug|iPhoneSimulator.ActiveCfg = Debug|x86
		{3970F831-DD03-4A08-86F7-13F451493EC7}.Debug|iPhoneSimulator.Build.0 = Debug|x86
		{3970F831-DD03-4A08-86F7-13F451493EC7}.Debug|iPhoneSimulator.Deploy.0 = Debug|x86
		{3970F831-DD03-4A08-86F7-13F451493EC7}.Debug|x64.ActiveCfg = Debug|x64
		{3970F831-DD03-4A08-86F7-13F451493EC7}.Debug|x64.Build.0 = Debug|x64
		{3970F831-DD03-4A08-86F7-13F451493EC7}.Debug|x64.Deploy.0 = Debug|x64
		{3970F831-DD03-4A08-86F7-13F451493EC7}.Debug|x86.ActiveCfg = Debug|x86
		{3970F831-DD03-4A08-86F7-13F451493EC7}.Debug|x86.Build.0 = Debug|x86
		{3970F831-DD03-4A08-86F7-13F451493EC7}.Debug|x86.Deploy.0 = Debug|x86
		{3970F831-DD03-4A08-86F7-13F451493EC7}.Release|Any CPU.ActiveCfg = Release|x86
		{3970F831-DD03-4A08-86F7-13F451493EC7}.Release|Any CPU.Build.0 = Release|x86
		{3970F831-DD03-4A08-86F7-13F451493EC7}.Release|Any CPU.Deploy.0 = Release|x86
		{3970F831-DD03-4A08-86F7-13F451493EC7}.Release|ARM.ActiveCfg = Release|ARM
		{3970F831-DD03-4A08-86F7-13F451493EC7}.Release|ARM.Build.0 = Release|ARM
		{3970F831-DD03-4A08-86F7-13F451493EC7}.Release|ARM.Deploy.0 = Release|ARM
		{3970F831-DD03-4A08-86F7-13F451493EC7}.Release|iPhone.ActiveCfg = Release|x86
		{3970F831-DD03-4A08-86F7-13F451493EC7}.Release|iPhone.Build.0 = Release|x86
		{3970F831-DD03-4A08-86F7-13F451493EC7}.Release|iPhone.Deploy.0 = Release|x86
		{3970F831-DD03-4A08-86F7-13F451493EC7}.Release|iPhoneSimulator.ActiveCfg = Release|x86
		{3970F831-DD03-4A08-86F7-13F451493EC7}.Release|iPhoneSimulator.Build.0 = Release|x86
		{3970F831-DD03-4A08-86F7-13F451493EC7}.Release|iPhoneSimulator.Deploy.0 = Release|x86
		{3970F831-DD03-4A08-86F7-13F451493EC7}.Release|x64.ActiveCfg = Release|x64
		{3970F831-DD03-4A08-86F7-13F451493EC7}.Release|x64.Build.0 = Release|x64
		{3970F831-DD03-4A08-86F7-13F451493EC7}.Release|x64.Deploy.0 = Release|x64
		{3970F831-DD03-4A08-86F7-13F451493EC7}.Release|x86.ActiveCfg = Release|x86
		{3970F831-DD03-4A08-86F7-13F451493EC7}.Release|x86.Build.0 = Release|x86
		{3970F831-DD03-4A08-86F7-13F451493EC7}.Release|x86.Deploy.0 = Release|x86
		{08975078-85B7-454B-9D8E-AEE49659A698}.Debug|Any CPU.ActiveCfg = Debug|Any CPU
		{08975078-85B7-454B-9D8E-AEE49659A698}.Debug|Any CPU.Build.0 = Debug|Any CPU
		{08975078-85B7-454B-9D8E-AEE49659A698}.Debug|Any CPU.Deploy.0 = Debug|Any CPU
		{08975078-85B7-454B-9D8E-AEE49659A698}.Debug|ARM.ActiveCfg = Debug|Any CPU
		{08975078-85B7-454B-9D8E-AEE49659A698}.Debug|ARM.Build.0 = Debug|Any CPU
		{08975078-85B7-454B-9D8E-AEE49659A698}.Debug|ARM.Deploy.0 = Debug|Any CPU
		{08975078-85B7-454B-9D8E-AEE49659A698}.Debug|iPhone.ActiveCfg = Debug|Any CPU
		{08975078-85B7-454B-9D8E-AEE49659A698}.Debug|iPhone.Build.0 = Debug|Any CPU
		{08975078-85B7-454B-9D8E-AEE49659A698}.Debug|iPhone.Deploy.0 = Debug|Any CPU
		{08975078-85B7-454B-9D8E-AEE49659A698}.Debug|iPhoneSimulator.ActiveCfg = Debug|Any CPU
		{08975078-85B7-454B-9D8E-AEE49659A698}.Debug|iPhoneSimulator.Build.0 = Debug|Any CPU
		{08975078-85B7-454B-9D8E-AEE49659A698}.Debug|iPhoneSimulator.Deploy.0 = Debug|Any CPU
		{08975078-85B7-454B-9D8E-AEE49659A698}.Debug|x64.ActiveCfg = Debug|Any CPU
		{08975078-85B7-454B-9D8E-AEE49659A698}.Debug|x64.Build.0 = Debug|Any CPU
		{08975078-85B7-454B-9D8E-AEE49659A698}.Debug|x64.Deploy.0 = Debug|Any CPU
		{08975078-85B7-454B-9D8E-AEE49659A698}.Debug|x86.ActiveCfg = Debug|Any CPU
		{08975078-85B7-454B-9D8E-AEE49659A698}.Debug|x86.Build.0 = Debug|Any CPU
		{08975078-85B7-454B-9D8E-AEE49659A698}.Debug|x86.Deploy.0 = Debug|Any CPU
		{08975078-85B7-454B-9D8E-AEE49659A698}.Release|Any CPU.ActiveCfg = Release|Any CPU
		{08975078-85B7-454B-9D8E-AEE49659A698}.Release|Any CPU.Build.0 = Release|Any CPU
		{08975078-85B7-454B-9D8E-AEE49659A698}.Release|Any CPU.Deploy.0 = Release|Any CPU
		{08975078-85B7-454B-9D8E-AEE49659A698}.Release|ARM.ActiveCfg = Release|Any CPU
		{08975078-85B7-454B-9D8E-AEE49659A698}.Release|ARM.Build.0 = Release|Any CPU
		{08975078-85B7-454B-9D8E-AEE49659A698}.Release|ARM.Deploy.0 = Release|Any CPU
		{08975078-85B7-454B-9D8E-AEE49659A698}.Release|iPhone.ActiveCfg = Release|Any CPU
		{08975078-85B7-454B-9D8E-AEE49659A698}.Release|iPhone.Build.0 = Release|Any CPU
		{08975078-85B7-454B-9D8E-AEE49659A698}.Release|iPhone.Deploy.0 = Release|Any CPU
		{08975078-85B7-454B-9D8E-AEE49659A698}.Release|iPhoneSimulator.ActiveCfg = Release|Any CPU
		{08975078-85B7-454B-9D8E-AEE49659A698}.Release|iPhoneSimulator.Build.0 = Release|Any CPU
		{08975078-85B7-454B-9D8E-AEE49659A698}.Release|iPhoneSimulator.Deploy.0 = Release|Any CPU
		{08975078-85B7-454B-9D8E-AEE49659A698}.Release|x64.ActiveCfg = Release|Any CPU
		{08975078-85B7-454B-9D8E-AEE49659A698}.Release|x64.Build.0 = Release|Any CPU
		{08975078-85B7-454B-9D8E-AEE49659A698}.Release|x64.Deploy.0 = Release|Any CPU
		{08975078-85B7-454B-9D8E-AEE49659A698}.Release|x86.ActiveCfg = Release|Any CPU
		{08975078-85B7-454B-9D8E-AEE49659A698}.Release|x86.Build.0 = Release|Any CPU
		{08975078-85B7-454B-9D8E-AEE49659A698}.Release|x86.Deploy.0 = Release|Any CPU
		{701023C3-36D1-42E0-81C5-D33B305EC6B0}.Debug|Any CPU.ActiveCfg = Debug|iPhone
		{701023C3-36D1-42E0-81C5-D33B305EC6B0}.Debug|Any CPU.Build.0 = Debug|iPhone
		{701023C3-36D1-42E0-81C5-D33B305EC6B0}.Debug|Any CPU.Deploy.0 = Debug|iPhone
		{701023C3-36D1-42E0-81C5-D33B305EC6B0}.Debug|ARM.ActiveCfg = Debug|iPhoneSimulator
		{701023C3-36D1-42E0-81C5-D33B305EC6B0}.Debug|ARM.Build.0 = Debug|iPhoneSimulator
		{701023C3-36D1-42E0-81C5-D33B305EC6B0}.Debug|ARM.Deploy.0 = Debug|iPhoneSimulator
		{701023C3-36D1-42E0-81C5-D33B305EC6B0}.Debug|iPhone.ActiveCfg = Debug|iPhone
		{701023C3-36D1-42E0-81C5-D33B305EC6B0}.Debug|iPhone.Build.0 = Debug|iPhone
		{701023C3-36D1-42E0-81C5-D33B305EC6B0}.Debug|iPhone.Deploy.0 = Debug|iPhone
		{701023C3-36D1-42E0-81C5-D33B305EC6B0}.Debug|iPhoneSimulator.ActiveCfg = Debug|iPhoneSimulator
		{701023C3-36D1-42E0-81C5-D33B305EC6B0}.Debug|iPhoneSimulator.Build.0 = Debug|iPhoneSimulator
		{701023C3-36D1-42E0-81C5-D33B305EC6B0}.Debug|iPhoneSimulator.Deploy.0 = Debug|iPhoneSimulator
		{701023C3-36D1-42E0-81C5-D33B305EC6B0}.Debug|x64.ActiveCfg = Debug|iPhone
		{701023C3-36D1-42E0-81C5-D33B305EC6B0}.Debug|x64.Build.0 = Debug|iPhone
		{701023C3-36D1-42E0-81C5-D33B305EC6B0}.Debug|x64.Deploy.0 = Debug|iPhone
		{701023C3-36D1-42E0-81C5-D33B305EC6B0}.Debug|x86.ActiveCfg = Debug|iPhone
		{701023C3-36D1-42E0-81C5-D33B305EC6B0}.Debug|x86.Build.0 = Debug|iPhone
		{701023C3-36D1-42E0-81C5-D33B305EC6B0}.Debug|x86.Deploy.0 = Debug|iPhone
		{701023C3-36D1-42E0-81C5-D33B305EC6B0}.Release|Any CPU.ActiveCfg = Release|iPhone
		{701023C3-36D1-42E0-81C5-D33B305EC6B0}.Release|Any CPU.Build.0 = Release|iPhone
		{701023C3-36D1-42E0-81C5-D33B305EC6B0}.Release|Any CPU.Deploy.0 = Release|iPhone
		{701023C3-36D1-42E0-81C5-D33B305EC6B0}.Release|ARM.ActiveCfg = Release|iPhone
		{701023C3-36D1-42E0-81C5-D33B305EC6B0}.Release|ARM.Build.0 = Release|iPhone
		{701023C3-36D1-42E0-81C5-D33B305EC6B0}.Release|ARM.Deploy.0 = Release|iPhone
		{701023C3-36D1-42E0-81C5-D33B305EC6B0}.Release|iPhone.ActiveCfg = Release|iPhone
		{701023C3-36D1-42E0-81C5-D33B305EC6B0}.Release|iPhone.Build.0 = Release|iPhone
		{701023C3-36D1-42E0-81C5-D33B305EC6B0}.Release|iPhone.Deploy.0 = Release|iPhone
		{701023C3-36D1-42E0-81C5-D33B305EC6B0}.Release|iPhoneSimulator.ActiveCfg = Release|iPhoneSimulator
		{701023C3-36D1-42E0-81C5-D33B305EC6B0}.Release|iPhoneSimulator.Build.0 = Release|iPhoneSimulator
		{701023C3-36D1-42E0-81C5-D33B305EC6B0}.Release|iPhoneSimulator.Deploy.0 = Release|iPhoneSimulator
		{701023C3-36D1-42E0-81C5-D33B305EC6B0}.Release|x64.ActiveCfg = Release|iPhone
		{701023C3-36D1-42E0-81C5-D33B305EC6B0}.Release|x64.Build.0 = Release|iPhone
		{701023C3-36D1-42E0-81C5-D33B305EC6B0}.Release|x64.Deploy.0 = Release|iPhone
		{701023C3-36D1-42E0-81C5-D33B305EC6B0}.Release|x86.ActiveCfg = Release|iPhone
		{701023C3-36D1-42E0-81C5-D33B305EC6B0}.Release|x86.Build.0 = Release|iPhone
		{701023C3-36D1-42E0-81C5-D33B305EC6B0}.Release|x86.Deploy.0 = Release|iPhone
		{B86B6B6C-B448-40BA-8213-CD0B3BA067A1}.Debug|Any CPU.ActiveCfg = Debug|Any CPU
		{B86B6B6C-B448-40BA-8213-CD0B3BA067A1}.Debug|Any CPU.Build.0 = Debug|Any CPU
		{B86B6B6C-B448-40BA-8213-CD0B3BA067A1}.Debug|Any CPU.Deploy.0 = Debug|Any CPU
		{B86B6B6C-B448-40BA-8213-CD0B3BA067A1}.Debug|ARM.ActiveCfg = Debug|Any CPU
		{B86B6B6C-B448-40BA-8213-CD0B3BA067A1}.Debug|ARM.Build.0 = Debug|Any CPU
		{B86B6B6C-B448-40BA-8213-CD0B3BA067A1}.Debug|ARM.Deploy.0 = Debug|Any CPU
		{B86B6B6C-B448-40BA-8213-CD0B3BA067A1}.Debug|iPhone.ActiveCfg = Debug|Any CPU
		{B86B6B6C-B448-40BA-8213-CD0B3BA067A1}.Debug|iPhone.Build.0 = Debug|Any CPU
		{B86B6B6C-B448-40BA-8213-CD0B3BA067A1}.Debug|iPhone.Deploy.0 = Debug|Any CPU
		{B86B6B6C-B448-40BA-8213-CD0B3BA067A1}.Debug|iPhoneSimulator.ActiveCfg = Debug|Any CPU
		{B86B6B6C-B448-40BA-8213-CD0B3BA067A1}.Debug|iPhoneSimulator.Build.0 = Debug|Any CPU
		{B86B6B6C-B448-40BA-8213-CD0B3BA067A1}.Debug|iPhoneSimulator.Deploy.0 = Debug|Any CPU
		{B86B6B6C-B448-40BA-8213-CD0B3BA067A1}.Debug|x64.ActiveCfg = Debug|Any CPU
		{B86B6B6C-B448-40BA-8213-CD0B3BA067A1}.Debug|x64.Build.0 = Debug|Any CPU
		{B86B6B6C-B448-40BA-8213-CD0B3BA067A1}.Debug|x64.Deploy.0 = Debug|Any CPU
		{B86B6B6C-B448-40BA-8213-CD0B3BA067A1}.Debug|x86.ActiveCfg = Debug|Any CPU
		{B86B6B6C-B448-40BA-8213-CD0B3BA067A1}.Debug|x86.Build.0 = Debug|Any CPU
		{B86B6B6C-B448-40BA-8213-CD0B3BA067A1}.Debug|x86.Deploy.0 = Debug|Any CPU
		{B86B6B6C-B448-40BA-8213-CD0B3BA067A1}.Release|Any CPU.ActiveCfg = Release|Any CPU
		{B86B6B6C-B448-40BA-8213-CD0B3BA067A1}.Release|Any CPU.Build.0 = Release|Any CPU
		{B86B6B6C-B448-40BA-8213-CD0B3BA067A1}.Release|Any CPU.Deploy.0 = Release|Any CPU
		{B86B6B6C-B448-40BA-8213-CD0B3BA067A1}.Release|ARM.ActiveCfg = Release|Any CPU
		{B86B6B6C-B448-40BA-8213-CD0B3BA067A1}.Release|ARM.Build.0 = Release|Any CPU
		{B86B6B6C-B448-40BA-8213-CD0B3BA067A1}.Release|ARM.Deploy.0 = Release|Any CPU
		{B86B6B6C-B448-40BA-8213-CD0B3BA067A1}.Release|iPhone.ActiveCfg = Release|Any CPU
		{B86B6B6C-B448-40BA-8213-CD0B3BA067A1}.Release|iPhone.Build.0 = Release|Any CPU
		{B86B6B6C-B448-40BA-8213-CD0B3BA067A1}.Release|iPhone.Deploy.0 = Release|Any CPU
		{B86B6B6C-B448-40BA-8213-CD0B3BA067A1}.Release|iPhoneSimulator.ActiveCfg = Release|Any CPU
		{B86B6B6C-B448-40BA-8213-CD0B3BA067A1}.Release|iPhoneSimulator.Build.0 = Release|Any CPU
		{B86B6B6C-B448-40BA-8213-CD0B3BA067A1}.Release|iPhoneSimulator.Deploy.0 = Release|Any CPU
		{B86B6B6C-B448-40BA-8213-CD0B3BA067A1}.Release|x64.ActiveCfg = Release|Any CPU
		{B86B6B6C-B448-40BA-8213-CD0B3BA067A1}.Release|x64.Build.0 = Release|Any CPU
		{B86B6B6C-B448-40BA-8213-CD0B3BA067A1}.Release|x64.Deploy.0 = Release|Any CPU
		{B86B6B6C-B448-40BA-8213-CD0B3BA067A1}.Release|x86.ActiveCfg = Release|Any CPU
		{B86B6B6C-B448-40BA-8213-CD0B3BA067A1}.Release|x86.Build.0 = Release|Any CPU
		{B86B6B6C-B448-40BA-8213-CD0B3BA067A1}.Release|x86.Deploy.0 = Release|Any CPU
	EndGlobalSection
	GlobalSection(SolutionProperties) = preSolution
		HideSolutionNode = FALSE
	EndGlobalSection
	GlobalSection(ExtensibilityGlobals) = postSolution
		SolutionGuid = {C472F3FC-7CA8-4150-BD10-C7180F57584F}
	EndGlobalSection
EndGlobal
